Microsoft Visual Studio Solution File, Format Version 12.00
# Visual Studio 2013
VisualStudioVersion = 12.0.40629.0
MinimumVisualStudioVersion = 10.0.40219.1
Project("{2150E333-8FDC-42A3-9474-1A3956D46DE8}") = "Training", "Training", "{6D0A9967-A253-49DE-9417-E48DA527D1E4}"
EndProject
Project("{2150E333-8FDC-42A3-9474-1A3956D46DE8}") = "Lab", "Lab", "{8EFD8A6E-7CFA-4E31-B570-C40260A7D78C}"
EndProject
Project("{FAE04EC0-301F-11D3-BF4B-00C04F79EFBC}") = "ASP.NET_MVC_Authorization_Ajax", "Lab\ASP.NET_MVC_Authorization_Ajax\ASP.NET_MVC_Authorization_Ajax.csproj", "{385ADB27-AC04-44E4-B3E2-FF84B0892724}"
EndProject
Project("{2150E333-8FDC-42A3-9474-1A3956D46DE8}") = "ASP.NET.1501.Karnitsky.Day1", "ASP.NET.1501.Karnitsky.Day1", "{9BB0ACC2-10B7-4715-AD84-789A522E368E}"
EndProject
Project("{FAE04EC0-301F-11D3-BF4B-00C04F79EFBC}") = "Task_1", "Training\ASP.NET.1501.Karnitsky.Day1\Task_1\Task_1.csproj", "{64A9D1E4-FDD5-40EA-B76A-96C884378981}"
EndProject
Project("{FAE04EC0-301F-11D3-BF4B-00C04F79EFBC}") = "ConsoleUI", "Training\ASP.NET.1501.Karnitsky.Day1\ConsoleUI\ConsoleUI.csproj", "{DE6F1186-BCFC-4FED-9CC3-30A16424C9C5}"
EndProject
Project("{FAE04EC0-301F-11D3-BF4B-00C04F79EFBC}") = "Task_2", "Training\ASP.NET.1501.Karnitsky.Day1\Task_2\Task_2.csproj", "{2B9A82D3-D7F0-47A0-9F89-C8F109D6DB5C}"
EndProject
Project("{FAE04EC0-301F-11D3-BF4B-00C04F79EFBC}") = "Task_3", "Training\ASP.NET.1501.Karnitsky.Day1\Task_3\Task_3.csproj", "{4660909D-91A3-45F8-BFC7-686EE9939015}"
EndProject
Project("{2150E333-8FDC-42A3-9474-1A3956D46DE8}") = "ASP.NET.1501.Karnitsky.Day2", "ASP.NET.1501.Karnitsky.Day2", "{65FF1A50-9941-4051-89DB-7E051B119B2A}"
EndProject
Project("{2150E333-8FDC-42A3-9474-1A3956D46DE8}") = "ASP.NET.1501.Karnitsky.Day3", "ASP.NET.1501.Karnitsky.Day3", "{CE9BE986-328A-4BCF-8C76-9929F7BE3B99}"
EndProject
Project("{2150E333-8FDC-42A3-9474-1A3956D46DE8}") = "ASP.NET.1501.Karnitsky.Day4", "ASP.NET.1501.Karnitsky.Day4", "{F40837EF-1C9C-4D43-9AA4-1FFD1B8202CC}"
EndProject
Project("{2150E333-8FDC-42A3-9474-1A3956D46DE8}") = "ASP.NET.1501.Karnitsky.Day7", "ASP.NET.1501.Karnitsky.Day7", "{52F8BBAC-53DD-4052-B80B-4B795799E06D}"
EndProject
Project("{2150E333-8FDC-42A3-9474-1A3956D46DE8}") = "ASP.NET.1501.Karnitsky.Day8", "ASP.NET.1501.Karnitsky.Day8", "{703CAE36-C2E4-47FC-BD10-333EB8D889D1}"
EndProject
Project("{2150E333-8FDC-42A3-9474-1A3956D46DE8}") = "ASP.NET.1501.Karnitsky.Day9", "ASP.NET.1501.Karnitsky.Day9", "{673CD791-130E-44AC-92FB-9DA01CA71B9C}"
EndProject
Project("{2150E333-8FDC-42A3-9474-1A3956D46DE8}") = "ASP.NET.1501.Karnitsky.Project", "ASP.NET.1501.Karnitsky.Project", "{03FC9BC6-201A-4955-8618-85C9A556CDFD}"
EndProject
Project("{FAE04EC0-301F-11D3-BF4B-00C04F79EFBC}") = "HexadecimalFormatProvider", "Training\ASP.NET.1501.Karnitsky.Day2\Custom_Format_Provider\HexadecimalFormatProvider.csproj", "{3CB297A2-F484-4450-B915-0270AB4547A6}"
EndProject
Project("{FAE04EC0-301F-11D3-BF4B-00C04F79EFBC}") = "HexadecimalFormatProviderTests", "Training\ASP.NET.1501.Karnitsky.Day2\HexadecimalFormatProviderTests\HexadecimalFormatProviderTests.csproj", "{516C71BF-D1BF-400A-A473-32624B420C5E}"
EndProject
Project("{FAE04EC0-301F-11D3-BF4B-00C04F79EFBC}") = "MathHelper", "Training\ASP.NET.1501.Karnitsky.Day2\MathHelper\MathHelper.csproj", "{B26C9C24-5A9C-4A4B-B216-C7DF857A3595}"
EndProject
Project("{FAE04EC0-301F-11D3-BF4B-00C04F79EFBC}") = "MathHelperTests", "Training\ASP.NET.1501.Karnitsky.Day2\MathHelperTests\MathHelperTests.csproj", "{5117797F-E8E9-4E49-B156-48B68894B542}"
EndProject
Project("{FAE04EC0-301F-11D3-BF4B-00C04F79EFBC}") = "Polynomial", "Training\ASP.NET.1501.Karnitsky.Day3\Polynomial\Polynomial.csproj", "{ED9F6A93-C84C-426A-ADC2-6C89C37A5E48}"
EndProject
Project("{FAE04EC0-301F-11D3-BF4B-00C04F79EFBC}") = "PolynomialTests", "Training\ASP.NET.1501.Karnitsky.Day3\MathHelperTests\PolynomialTests.csproj", "{4AFE7161-201E-4D4F-A37E-BDB6943BB741}"
EndProject
Project("{FAE04EC0-301F-11D3-BF4B-00C04F79EFBC}") = "MatrixSorter", "Training\ASP.NET.1501.Karnitsky.Day4\MatrixSorter\MatrixSorter.csproj", "{C625A693-53F0-4794-B0A3-E7D3F596E218}"
EndProject
Project("{FAE04EC0-301F-11D3-BF4B-00C04F79EFBC}") = "MatrixSorterTests", "Training\ASP.NET.1501.Karnitsky.Day4\MatrixSorterTests\MatrixSorterTests.csproj", "{03F11502-99BF-4D8A-831B-582A12061B05}"
EndProject
Project("{FAE04EC0-301F-11D3-BF4B-00C04F79EFBC}") = "ShopModel_IoCSolution", "Training\ASP.NET.1501.Karnitsky.Day4\ShopModel_IoCSolution\ShopModel_IoCSolution.csproj", "{DACE099B-2385-47A7-9000-D831B0467C64}"
EndProject
Project("{FAE04EC0-301F-11D3-BF4B-00C04F79EFBC}") = "ShopModel_IoCSolutionTests", "Training\ASP.NET.1501.Karnitsky.Day4\ShopModel_IoCSolutionTests\ShopModel_IoCSolutionTests.csproj", "{40F8274A-24D2-4E2A-8B7C-2E72758BB9EE}"
EndProject
Project("{FAE04EC0-301F-11D3-BF4B-00C04F79EFBC}") = "ReverseWatchUI", "Training\ASP.NET.1501.Karnitsky.Day7\ReverseWatchUI\ReverseWatchUI.csproj", "{B221C21A-30B3-4B33-8613-CA83B665CCE2}"
EndProject
Project("{FAE04EC0-301F-11D3-BF4B-00C04F79EFBC}") = "ReverseWatch", "Training\ASP.NET.1501.Karnitsky.Day7\ReverseWatch\ReverseWatch.csproj", "{9BD0EF4D-35E9-4496-B7EF-E4429439EEEE}"
EndProject
Project("{FAE04EC0-301F-11D3-BF4B-00C04F79EFBC}") = "BookHelper", "Training\ASP.NET.1501.Karnitsky.Day7\BookHelper\BookHelper.csproj", "{DD154309-BCB4-435B-9469-67E4E65E3B1A}"
EndProject
Project("{FAE04EC0-301F-11D3-BF4B-00C04F79EFBC}") = "BookHelperUI", "Training\ASP.NET.1501.Karnitsky.Day7\BookHelperUI\BookHelperUI.csproj", "{29851A3F-38FB-4476-9325-EC2B6524B666}"
EndProject
Project("{FAE04EC0-301F-11D3-BF4B-00C04F79EFBC}") = "CustomArrayEnumerator", "Training\ASP.NET.1501.Karnitsky.Day8\CustomArrayEnumerator\CustomArrayEnumerator.csproj", "{5F250BD0-08BD-4C14-A422-5C61D44761C0}"
EndProject
Project("{FAE04EC0-301F-11D3-BF4B-00C04F79EFBC}") = "ConsoleUI", "Training\ASP.NET.1501.Karnitsky.Day8\ConsoleUI\ConsoleUI.csproj", "{41DD98C6-B965-4B03-96AA-F994C52889DE}"
EndProject
Project("{FAE04EC0-301F-11D3-BF4B-00C04F79EFBC}") = "FibonacciNumbersCalculation", "Training\ASP.NET.1501.Karnitsky.Day8\FibonacciNumbersCalculation\FibonacciNumbersCalculation.csproj", "{F0D5A622-F161-40A0-BAF2-803E8C3676E2}"
EndProject
Project("{FAE04EC0-301F-11D3-BF4B-00C04F79EFBC}") = "CustomQueueGeneric", "Training\ASP.NET.1501.Karnitsky.Day8\CustomQueueGeneric\CustomQueueGeneric.csproj", "{B4E89DE2-A12D-41E2-A3B3-D58F5E24774B}"
EndProject
Project("{FAE04EC0-301F-11D3-BF4B-00C04F79EFBC}") = "MatrixHelper", "Training\ASP.NET.1501.Karnitsky.Day8\MatrixHelper\MatrixHelper.csproj", "{1B1EEC7A-F951-46C5-858E-C2567D7D7175}"
EndProject
Project("{FAE04EC0-301F-11D3-BF4B-00C04F79EFBC}") = "BinarySearchHelper", "Training\ASP.NET.1501.Karnitsky.Day8\BinarySearchHelper\BinarySearchHelper.csproj", "{159576A6-B616-46F1-B98E-035379F68515}"
EndProject
Project("{FAE04EC0-301F-11D3-BF4B-00C04F79EFBC}") = "BinarySearchHelperTests", "Training\ASP.NET.1501.Karnitsky.Day8\BinarySearchHelperTests\BinarySearchHelperTests.csproj", "{81ED9960-884B-4127-BD88-DD9D858D8771}"
EndProject
Project("{FAE04EC0-301F-11D3-BF4B-00C04F79EFBC}") = "FibonacciNumbersCalculationTests", "Training\ASP.NET.1501.Karnitsky.Day8\FibonacciNumbersCalculationTests\FibonacciNumbersCalculationTests.csproj", "{3F02FD01-41FD-4689-AE50-CB2B0D778BD3}"
EndProject
Project("{FAE04EC0-301F-11D3-BF4B-00C04F79EFBC}") = "CustomQueueGenericTests", "Training\ASP.NET.1501.Karnitsky.Day8\CustomQueueGenericTests\CustomQueueGenericTests.csproj", "{E07B5F19-3B31-4C70-A370-5E805AB15CBA}"
EndProject
Project("{FAE04EC0-301F-11D3-BF4B-00C04F79EFBC}") = "MatrixHelperTests", "Training\ASP.NET.1501.Karnitsky.Day8\MatrixHelperTests\MatrixHelperTests.csproj", "{E2317076-514F-4B68-89F4-6421CF59F366}"
EndProject
Project("{FAE04EC0-301F-11D3-BF4B-00C04F79EFBC}") = "MatrixHelperUI", "Training\ASP.NET.1501.Karnitsky.Day8\MatrixHelperUI\MatrixHelperUI.csproj", "{AE334606-75D4-4DE8-828A-6E4A5C8F35A1}"
EndProject
Project("{FAE04EC0-301F-11D3-BF4B-00C04F79EFBC}") = "MatrixHelperRefactored", "Training\ASP.NET.1501.Karnitsky.Day8\MatrixHelperRefactored\MatrixHelperRefactored.csproj", "{5B7BDA29-F637-4F56-8AA0-6A45A114AB0D}"
EndProject
Project("{FAE04EC0-301F-11D3-BF4B-00C04F79EFBC}") = "MatrixHelperRefactoredUI", "Training\ASP.NET.1501.Karnitsky.Day8\MatrixHelperRefactoredUI\MatrixHelperRefactoredUI.csproj", "{D6835D51-B7EA-4C0C-84D9-90175C374FB2}"
EndProject
Project("{2150E333-8FDC-42A3-9474-1A3956D46DE8}") = "MatrixHelperRefactoredProject", "MatrixHelperRefactoredProject", "{52679889-824C-4F09-ABC8-33F10967B5CA}"
EndProject
Project("{FAE04EC0-301F-11D3-BF4B-00C04F79EFBC}") = "BinarySearchTreeProject", "Training\ASP.NET.1501.Karnitsky.Day9\BinarySearchTreeProject\BinarySearchTreeProject.csproj", "{C583A676-E859-4480-9219-E2023724F8F5}"
EndProject
Project("{FAE04EC0-301F-11D3-BF4B-00C04F79EFBC}") = "BinarySearchTreeProjectTests", "Training\ASP.NET.1501.Karnitsky.Day9\BinarySearchTreeProjectTests\BinarySearchTreeProjectTests.csproj", "{4A23424F-78A7-4ED6-9564-C4C026E8D8C9}"
EndProject
Project("{FAE04EC0-301F-11D3-BF4B-00C04F79EFBC}") = "BLL", "Training\ASP.NET.1501.Karnitsky.Project\ASP.NET.1501.Karnitsky.Project\BLL\BLL.csproj", "{8655463E-8154-4971-B49C-C2FECFF2870F}"
EndProject
Project("{FAE04EC0-301F-11D3-BF4B-00C04F79EFBC}") = "DAL", "Training\ASP.NET.1501.Karnitsky.Project\ASP.NET.1501.Karnitsky.Project\DAL\DAL.csproj", "{BB36F59D-3F3C-4594-944C-A0D271591A97}"
EndProject
Project("{FAE04EC0-301F-11D3-BF4B-00C04F79EFBC}") = "DependencyResolver", "Training\ASP.NET.1501.Karnitsky.Project\ASP.NET.1501.Karnitsky.Project\DependencyResolver\DependencyResolver.csproj", "{DFBEF70E-859F-4567-9297-5168727F050D}"
EndProject
Project("{FAE04EC0-301F-11D3-BF4B-00C04F79EFBC}") = "ORM", "Training\ASP.NET.1501.Karnitsky.Project\ASP.NET.1501.Karnitsky.Project\ORM\ORM.csproj", "{8ED13D13-1B39-4CE5-A43E-953D692B3247}"
EndProject
Project("{FAE04EC0-301F-11D3-BF4B-00C04F79EFBC}") = "BLL_Interface", "Training\ASP.NET.1501.Karnitsky.Project\ASP.NET.1501.Karnitsky.Project\BLL_Interfaces\BLL_Interface.csproj", "{7FA5F436-290D-46BF-AA16-33D0BFB5E45D}"
EndProject
Project("{FAE04EC0-301F-11D3-BF4B-00C04F79EFBC}") = "DAL_Interface", "Training\ASP.NET.1501.Karnitsky.Project\ASP.NET.1501.Karnitsky.Project\DAL_Interfaces\DAL_Interface.csproj", "{06204C03-41A1-4567-8EDD-88AE0FC4391B}"
EndProject
Project("{FAE04EC0-301F-11D3-BF4B-00C04F79EFBC}") = "Internet_Auction", "Training\ASP.NET.1501.Karnitsky.Project\ASP.NET.1501.Karnitsky.Project\MvcPL\Internet_Auction.csproj", "{CB3A6B50-1859-45D0-905A-B857E31B20DD}"
EndProject
Project("{FAE04EC0-301F-11D3-BF4B-00C04F79EFBC}") = "Helpers", "Training\ASP.NET.1501.Karnitsky.Project\ASP.NET.1501.Karnitsky.Project\Helpers\Helpers.csproj", "{46C22044-4005-4DED-A298-6ABE7DA3FADC}"
EndProject
Global
	GlobalSection(SolutionConfigurationPlatforms) = preSolution
		Debug|Any CPU = Debug|Any CPU
		Release|Any CPU = Release|Any CPU
	EndGlobalSection
	GlobalSection(ProjectConfigurationPlatforms) = postSolution
		{385ADB27-AC04-44E4-B3E2-FF84B0892724}.Debug|Any CPU.ActiveCfg = Debug|Any CPU
		{385ADB27-AC04-44E4-B3E2-FF84B0892724}.Debug|Any CPU.Build.0 = Debug|Any CPU
		{385ADB27-AC04-44E4-B3E2-FF84B0892724}.Release|Any CPU.ActiveCfg = Release|Any CPU
		{385ADB27-AC04-44E4-B3E2-FF84B0892724}.Release|Any CPU.Build.0 = Release|Any CPU
		{64A9D1E4-FDD5-40EA-B76A-96C884378981}.Debug|Any CPU.ActiveCfg = Debug|Any CPU
		{64A9D1E4-FDD5-40EA-B76A-96C884378981}.Debug|Any CPU.Build.0 = Debug|Any CPU
		{64A9D1E4-FDD5-40EA-B76A-96C884378981}.Release|Any CPU.ActiveCfg = Release|Any CPU
		{64A9D1E4-FDD5-40EA-B76A-96C884378981}.Release|Any CPU.Build.0 = Release|Any CPU
		{DE6F1186-BCFC-4FED-9CC3-30A16424C9C5}.Debug|Any CPU.ActiveCfg = Debug|Any CPU
		{DE6F1186-BCFC-4FED-9CC3-30A16424C9C5}.Debug|Any CPU.Build.0 = Debug|Any CPU
		{DE6F1186-BCFC-4FED-9CC3-30A16424C9C5}.Release|Any CPU.ActiveCfg = Release|Any CPU
		{DE6F1186-BCFC-4FED-9CC3-30A16424C9C5}.Release|Any CPU.Build.0 = Release|Any CPU
		{2B9A82D3-D7F0-47A0-9F89-C8F109D6DB5C}.Debug|Any CPU.ActiveCfg = Debug|Any CPU
		{2B9A82D3-D7F0-47A0-9F89-C8F109D6DB5C}.Debug|Any CPU.Build.0 = Debug|Any CPU
		{2B9A82D3-D7F0-47A0-9F89-C8F109D6DB5C}.Release|Any CPU.ActiveCfg = Release|Any CPU
		{2B9A82D3-D7F0-47A0-9F89-C8F109D6DB5C}.Release|Any CPU.Build.0 = Release|Any CPU
		{4660909D-91A3-45F8-BFC7-686EE9939015}.Debug|Any CPU.ActiveCfg = Debug|Any CPU
		{4660909D-91A3-45F8-BFC7-686EE9939015}.Debug|Any CPU.Build.0 = Debug|Any CPU
		{4660909D-91A3-45F8-BFC7-686EE9939015}.Release|Any CPU.ActiveCfg = Release|Any CPU
		{4660909D-91A3-45F8-BFC7-686EE9939015}.Release|Any CPU.Build.0 = Release|Any CPU
		{3CB297A2-F484-4450-B915-0270AB4547A6}.Debug|Any CPU.ActiveCfg = Debug|Any CPU
		{3CB297A2-F484-4450-B915-0270AB4547A6}.Debug|Any CPU.Build.0 = Debug|Any CPU
		{3CB297A2-F484-4450-B915-0270AB4547A6}.Release|Any CPU.ActiveCfg = Release|Any CPU
		{3CB297A2-F484-4450-B915-0270AB4547A6}.Release|Any CPU.Build.0 = Release|Any CPU
		{516C71BF-D1BF-400A-A473-32624B420C5E}.Debug|Any CPU.ActiveCfg = Debug|Any CPU
		{516C71BF-D1BF-400A-A473-32624B420C5E}.Debug|Any CPU.Build.0 = Debug|Any CPU
		{516C71BF-D1BF-400A-A473-32624B420C5E}.Release|Any CPU.ActiveCfg = Release|Any CPU
		{516C71BF-D1BF-400A-A473-32624B420C5E}.Release|Any CPU.Build.0 = Release|Any CPU
		{B26C9C24-5A9C-4A4B-B216-C7DF857A3595}.Debug|Any CPU.ActiveCfg = Debug|Any CPU
		{B26C9C24-5A9C-4A4B-B216-C7DF857A3595}.Debug|Any CPU.Build.0 = Debug|Any CPU
		{B26C9C24-5A9C-4A4B-B216-C7DF857A3595}.Release|Any CPU.ActiveCfg = Release|Any CPU
		{B26C9C24-5A9C-4A4B-B216-C7DF857A3595}.Release|Any CPU.Build.0 = Release|Any CPU
		{5117797F-E8E9-4E49-B156-48B68894B542}.Debug|Any CPU.ActiveCfg = Debug|Any CPU
		{5117797F-E8E9-4E49-B156-48B68894B542}.Debug|Any CPU.Build.0 = Debug|Any CPU
		{5117797F-E8E9-4E49-B156-48B68894B542}.Release|Any CPU.ActiveCfg = Release|Any CPU
		{5117797F-E8E9-4E49-B156-48B68894B542}.Release|Any CPU.Build.0 = Release|Any CPU
		{ED9F6A93-C84C-426A-ADC2-6C89C37A5E48}.Debug|Any CPU.ActiveCfg = Debug|Any CPU
		{ED9F6A93-C84C-426A-ADC2-6C89C37A5E48}.Debug|Any CPU.Build.0 = Debug|Any CPU
		{ED9F6A93-C84C-426A-ADC2-6C89C37A5E48}.Release|Any CPU.ActiveCfg = Release|Any CPU
		{ED9F6A93-C84C-426A-ADC2-6C89C37A5E48}.Release|Any CPU.Build.0 = Release|Any CPU
		{4AFE7161-201E-4D4F-A37E-BDB6943BB741}.Debug|Any CPU.ActiveCfg = Debug|Any CPU
		{4AFE7161-201E-4D4F-A37E-BDB6943BB741}.Debug|Any CPU.Build.0 = Debug|Any CPU
		{4AFE7161-201E-4D4F-A37E-BDB6943BB741}.Release|Any CPU.ActiveCfg = Release|Any CPU
		{4AFE7161-201E-4D4F-A37E-BDB6943BB741}.Release|Any CPU.Build.0 = Release|Any CPU
		{C625A693-53F0-4794-B0A3-E7D3F596E218}.Debug|Any CPU.ActiveCfg = Debug|Any CPU
		{C625A693-53F0-4794-B0A3-E7D3F596E218}.Debug|Any CPU.Build.0 = Debug|Any CPU
		{C625A693-53F0-4794-B0A3-E7D3F596E218}.Release|Any CPU.ActiveCfg = Release|Any CPU
		{C625A693-53F0-4794-B0A3-E7D3F596E218}.Release|Any CPU.Build.0 = Release|Any CPU
		{03F11502-99BF-4D8A-831B-582A12061B05}.Debug|Any CPU.ActiveCfg = Debug|Any CPU
		{03F11502-99BF-4D8A-831B-582A12061B05}.Debug|Any CPU.Build.0 = Debug|Any CPU
		{03F11502-99BF-4D8A-831B-582A12061B05}.Release|Any CPU.ActiveCfg = Release|Any CPU
		{03F11502-99BF-4D8A-831B-582A12061B05}.Release|Any CPU.Build.0 = Release|Any CPU
		{DACE099B-2385-47A7-9000-D831B0467C64}.Debug|Any CPU.ActiveCfg = Debug|Any CPU
		{DACE099B-2385-47A7-9000-D831B0467C64}.Debug|Any CPU.Build.0 = Debug|Any CPU
		{DACE099B-2385-47A7-9000-D831B0467C64}.Release|Any CPU.ActiveCfg = Release|Any CPU
		{DACE099B-2385-47A7-9000-D831B0467C64}.Release|Any CPU.Build.0 = Release|Any CPU
		{40F8274A-24D2-4E2A-8B7C-2E72758BB9EE}.Debug|Any CPU.ActiveCfg = Debug|Any CPU
		{40F8274A-24D2-4E2A-8B7C-2E72758BB9EE}.Debug|Any CPU.Build.0 = Debug|Any CPU
		{40F8274A-24D2-4E2A-8B7C-2E72758BB9EE}.Release|Any CPU.ActiveCfg = Release|Any CPU
		{40F8274A-24D2-4E2A-8B7C-2E72758BB9EE}.Release|Any CPU.Build.0 = Release|Any CPU
		{B221C21A-30B3-4B33-8613-CA83B665CCE2}.Debug|Any CPU.ActiveCfg = Debug|Any CPU
		{B221C21A-30B3-4B33-8613-CA83B665CCE2}.Debug|Any CPU.Build.0 = Debug|Any CPU
		{B221C21A-30B3-4B33-8613-CA83B665CCE2}.Release|Any CPU.ActiveCfg = Release|Any CPU
		{B221C21A-30B3-4B33-8613-CA83B665CCE2}.Release|Any CPU.Build.0 = Release|Any CPU
		{9BD0EF4D-35E9-4496-B7EF-E4429439EEEE}.Debug|Any CPU.ActiveCfg = Debug|Any CPU
		{9BD0EF4D-35E9-4496-B7EF-E4429439EEEE}.Debug|Any CPU.Build.0 = Debug|Any CPU
		{9BD0EF4D-35E9-4496-B7EF-E4429439EEEE}.Release|Any CPU.ActiveCfg = Release|Any CPU
		{9BD0EF4D-35E9-4496-B7EF-E4429439EEEE}.Release|Any CPU.Build.0 = Release|Any CPU
		{DD154309-BCB4-435B-9469-67E4E65E3B1A}.Debug|Any CPU.ActiveCfg = Debug|Any CPU
		{DD154309-BCB4-435B-9469-67E4E65E3B1A}.Debug|Any CPU.Build.0 = Debug|Any CPU
		{DD154309-BCB4-435B-9469-67E4E65E3B1A}.Release|Any CPU.ActiveCfg = Release|Any CPU
		{DD154309-BCB4-435B-9469-67E4E65E3B1A}.Release|Any CPU.Build.0 = Release|Any CPU
		{29851A3F-38FB-4476-9325-EC2B6524B666}.Debug|Any CPU.ActiveCfg = Debug|Any CPU
		{29851A3F-38FB-4476-9325-EC2B6524B666}.Debug|Any CPU.Build.0 = Debug|Any CPU
		{29851A3F-38FB-4476-9325-EC2B6524B666}.Release|Any CPU.ActiveCfg = Release|Any CPU
		{29851A3F-38FB-4476-9325-EC2B6524B666}.Release|Any CPU.Build.0 = Release|Any CPU
		{5F250BD0-08BD-4C14-A422-5C61D44761C0}.Debug|Any CPU.ActiveCfg = Debug|Any CPU
		{5F250BD0-08BD-4C14-A422-5C61D44761C0}.Debug|Any CPU.Build.0 = Debug|Any CPU
		{5F250BD0-08BD-4C14-A422-5C61D44761C0}.Release|Any CPU.ActiveCfg = Release|Any CPU
		{5F250BD0-08BD-4C14-A422-5C61D44761C0}.Release|Any CPU.Build.0 = Release|Any CPU
		{41DD98C6-B965-4B03-96AA-F994C52889DE}.Debug|Any CPU.ActiveCfg = Debug|Any CPU
		{41DD98C6-B965-4B03-96AA-F994C52889DE}.Debug|Any CPU.Build.0 = Debug|Any CPU
		{41DD98C6-B965-4B03-96AA-F994C52889DE}.Release|Any CPU.ActiveCfg = Release|Any CPU
		{41DD98C6-B965-4B03-96AA-F994C52889DE}.Release|Any CPU.Build.0 = Release|Any CPU
		{F0D5A622-F161-40A0-BAF2-803E8C3676E2}.Debug|Any CPU.ActiveCfg = Debug|Any CPU
		{F0D5A622-F161-40A0-BAF2-803E8C3676E2}.Debug|Any CPU.Build.0 = Debug|Any CPU
		{F0D5A622-F161-40A0-BAF2-803E8C3676E2}.Release|Any CPU.ActiveCfg = Release|Any CPU
		{F0D5A622-F161-40A0-BAF2-803E8C3676E2}.Release|Any CPU.Build.0 = Release|Any CPU
		{B4E89DE2-A12D-41E2-A3B3-D58F5E24774B}.Debug|Any CPU.ActiveCfg = Debug|Any CPU
		{B4E89DE2-A12D-41E2-A3B3-D58F5E24774B}.Debug|Any CPU.Build.0 = Debug|Any CPU
		{B4E89DE2-A12D-41E2-A3B3-D58F5E24774B}.Release|Any CPU.ActiveCfg = Release|Any CPU
		{B4E89DE2-A12D-41E2-A3B3-D58F5E24774B}.Release|Any CPU.Build.0 = Release|Any CPU
		{1B1EEC7A-F951-46C5-858E-C2567D7D7175}.Debug|Any CPU.ActiveCfg = Debug|Any CPU
		{1B1EEC7A-F951-46C5-858E-C2567D7D7175}.Debug|Any CPU.Build.0 = Debug|Any CPU
		{1B1EEC7A-F951-46C5-858E-C2567D7D7175}.Release|Any CPU.ActiveCfg = Release|Any CPU
		{1B1EEC7A-F951-46C5-858E-C2567D7D7175}.Release|Any CPU.Build.0 = Release|Any CPU
		{159576A6-B616-46F1-B98E-035379F68515}.Debug|Any CPU.ActiveCfg = Debug|Any CPU
		{159576A6-B616-46F1-B98E-035379F68515}.Debug|Any CPU.Build.0 = Debug|Any CPU
		{159576A6-B616-46F1-B98E-035379F68515}.Release|Any CPU.ActiveCfg = Release|Any CPU
		{159576A6-B616-46F1-B98E-035379F68515}.Release|Any CPU.Build.0 = Release|Any CPU
		{81ED9960-884B-4127-BD88-DD9D858D8771}.Debug|Any CPU.ActiveCfg = Debug|Any CPU
		{81ED9960-884B-4127-BD88-DD9D858D8771}.Debug|Any CPU.Build.0 = Debug|Any CPU
		{81ED9960-884B-4127-BD88-DD9D858D8771}.Release|Any CPU.ActiveCfg = Release|Any CPU
		{81ED9960-884B-4127-BD88-DD9D858D8771}.Release|Any CPU.Build.0 = Release|Any CPU
		{3F02FD01-41FD-4689-AE50-CB2B0D778BD3}.Debug|Any CPU.ActiveCfg = Debug|Any CPU
		{3F02FD01-41FD-4689-AE50-CB2B0D778BD3}.Debug|Any CPU.Build.0 = Debug|Any CPU
		{3F02FD01-41FD-4689-AE50-CB2B0D778BD3}.Release|Any CPU.ActiveCfg = Release|Any CPU
		{3F02FD01-41FD-4689-AE50-CB2B0D778BD3}.Release|Any CPU.Build.0 = Release|Any CPU
		{E07B5F19-3B31-4C70-A370-5E805AB15CBA}.Debug|Any CPU.ActiveCfg = Debug|Any CPU
		{E07B5F19-3B31-4C70-A370-5E805AB15CBA}.Debug|Any CPU.Build.0 = Debug|Any CPU
		{E07B5F19-3B31-4C70-A370-5E805AB15CBA}.Release|Any CPU.ActiveCfg = Release|Any CPU
		{E07B5F19-3B31-4C70-A370-5E805AB15CBA}.Release|Any CPU.Build.0 = Release|Any CPU
		{E2317076-514F-4B68-89F4-6421CF59F366}.Debug|Any CPU.ActiveCfg = Debug|Any CPU
		{E2317076-514F-4B68-89F4-6421CF59F366}.Debug|Any CPU.Build.0 = Debug|Any CPU
		{E2317076-514F-4B68-89F4-6421CF59F366}.Release|Any CPU.ActiveCfg = Release|Any CPU
		{E2317076-514F-4B68-89F4-6421CF59F366}.Release|Any CPU.Build.0 = Release|Any CPU
		{AE334606-75D4-4DE8-828A-6E4A5C8F35A1}.Debug|Any CPU.ActiveCfg = Debug|Any CPU
		{AE334606-75D4-4DE8-828A-6E4A5C8F35A1}.Debug|Any CPU.Build.0 = Debug|Any CPU
		{AE334606-75D4-4DE8-828A-6E4A5C8F35A1}.Release|Any CPU.ActiveCfg = Release|Any CPU
		{AE334606-75D4-4DE8-828A-6E4A5C8F35A1}.Release|Any CPU.Build.0 = Release|Any CPU
		{5B7BDA29-F637-4F56-8AA0-6A45A114AB0D}.Debug|Any CPU.ActiveCfg = Debug|Any CPU
		{5B7BDA29-F637-4F56-8AA0-6A45A114AB0D}.Debug|Any CPU.Build.0 = Debug|Any CPU
		{5B7BDA29-F637-4F56-8AA0-6A45A114AB0D}.Release|Any CPU.ActiveCfg = Release|Any CPU
		{5B7BDA29-F637-4F56-8AA0-6A45A114AB0D}.Release|Any CPU.Build.0 = Release|Any CPU
		{D6835D51-B7EA-4C0C-84D9-90175C374FB2}.Debug|Any CPU.ActiveCfg = Debug|Any CPU
		{D6835D51-B7EA-4C0C-84D9-90175C374FB2}.Debug|Any CPU.Build.0 = Debug|Any CPU
		{D6835D51-B7EA-4C0C-84D9-90175C374FB2}.Release|Any CPU.ActiveCfg = Release|Any CPU
		{D6835D51-B7EA-4C0C-84D9-90175C374FB2}.Release|Any CPU.Build.0 = Release|Any CPU
		{C583A676-E859-4480-9219-E2023724F8F5}.Debug|Any CPU.ActiveCfg = Debug|Any CPU
		{C583A676-E859-4480-9219-E2023724F8F5}.Debug|Any CPU.Build.0 = Debug|Any CPU
		{C583A676-E859-4480-9219-E2023724F8F5}.Release|Any CPU.ActiveCfg = Release|Any CPU
		{C583A676-E859-4480-9219-E2023724F8F5}.Release|Any CPU.Build.0 = Release|Any CPU
		{4A23424F-78A7-4ED6-9564-C4C026E8D8C9}.Debug|Any CPU.ActiveCfg = Debug|Any CPU
		{4A23424F-78A7-4ED6-9564-C4C026E8D8C9}.Debug|Any CPU.Build.0 = Debug|Any CPU
		{4A23424F-78A7-4ED6-9564-C4C026E8D8C9}.Release|Any CPU.ActiveCfg = Release|Any CPU
		{4A23424F-78A7-4ED6-9564-C4C026E8D8C9}.Release|Any CPU.Build.0 = Release|Any CPU
		{8655463E-8154-4971-B49C-C2FECFF2870F}.Debug|Any CPU.ActiveCfg = Debug|Any CPU
		{8655463E-8154-4971-B49C-C2FECFF2870F}.Debug|Any CPU.Build.0 = Debug|Any CPU
		{8655463E-8154-4971-B49C-C2FECFF2870F}.Release|Any CPU.ActiveCfg = Release|Any CPU
		{8655463E-8154-4971-B49C-C2FECFF2870F}.Release|Any CPU.Build.0 = Release|Any CPU
		{BB36F59D-3F3C-4594-944C-A0D271591A97}.Debug|Any CPU.ActiveCfg = Debug|Any CPU
		{BB36F59D-3F3C-4594-944C-A0D271591A97}.Debug|Any CPU.Build.0 = Debug|Any CPU
		{BB36F59D-3F3C-4594-944C-A0D271591A97}.Release|Any CPU.ActiveCfg = Release|Any CPU
		{BB36F59D-3F3C-4594-944C-A0D271591A97}.Release|Any CPU.Build.0 = Release|Any CPU
		{DFBEF70E-859F-4567-9297-5168727F050D}.Debug|Any CPU.ActiveCfg = Debug|Any CPU
		{DFBEF70E-859F-4567-9297-5168727F050D}.Debug|Any CPU.Build.0 = Debug|Any CPU
		{DFBEF70E-859F-4567-9297-5168727F050D}.Release|Any CPU.ActiveCfg = Release|Any CPU
		{DFBEF70E-859F-4567-9297-5168727F050D}.Release|Any CPU.Build.0 = Release|Any CPU
		{8ED13D13-1B39-4CE5-A43E-953D692B3247}.Debug|Any CPU.ActiveCfg = Debug|Any CPU
		{8ED13D13-1B39-4CE5-A43E-953D692B3247}.Debug|Any CPU.Build.0 = Debug|Any CPU
		{8ED13D13-1B39-4CE5-A43E-953D692B3247}.Release|Any CPU.ActiveCfg = Release|Any CPU
		{8ED13D13-1B39-4CE5-A43E-953D692B3247}.Release|Any CPU.Build.0 = Release|Any CPU
		{7FA5F436-290D-46BF-AA16-33D0BFB5E45D}.Debug|Any CPU.ActiveCfg = Debug|Any CPU
		{7FA5F436-290D-46BF-AA16-33D0BFB5E45D}.Debug|Any CPU.Build.0 = Debug|Any CPU
		{7FA5F436-290D-46BF-AA16-33D0BFB5E45D}.Release|Any CPU.ActiveCfg = Release|Any CPU
		{7FA5F436-290D-46BF-AA16-33D0BFB5E45D}.Release|Any CPU.Build.0 = Release|Any CPU
		{06204C03-41A1-4567-8EDD-88AE0FC4391B}.Debug|Any CPU.ActiveCfg = Debug|Any CPU
		{06204C03-41A1-4567-8EDD-88AE0FC4391B}.Debug|Any CPU.Build.0 = Debug|Any CPU
		{06204C03-41A1-4567-8EDD-88AE0FC4391B}.Release|Any CPU.ActiveCfg = Release|Any CPU
		{06204C03-41A1-4567-8EDD-88AE0FC4391B}.Release|Any CPU.Build.0 = Release|Any CPU
		{CB3A6B50-1859-45D0-905A-B857E31B20DD}.Debug|Any CPU.ActiveCfg = Debug|Any CPU
		{CB3A6B50-1859-45D0-905A-B857E31B20DD}.Debug|Any CPU.Build.0 = Debug|Any CPU
		{CB3A6B50-1859-45D0-905A-B857E31B20DD}.Release|Any CPU.ActiveCfg = Release|Any CPU
		{CB3A6B50-1859-45D0-905A-B857E31B20DD}.Release|Any CPU.Build.0 = Release|Any CPU
		{46C22044-4005-4DED-A298-6ABE7DA3FADC}.Debug|Any CPU.ActiveCfg = Debug|Any CPU
		{46C22044-4005-4DED-A298-6ABE7DA3FADC}.Debug|Any CPU.Build.0 = Debug|Any CPU
		{46C22044-4005-4DED-A298-6ABE7DA3FADC}.Release|Any CPU.ActiveCfg = Release|Any CPU
		{46C22044-4005-4DED-A298-6ABE7DA3FADC}.Release|Any CPU.Build.0 = Release|Any CPU
	EndGlobalSection
	GlobalSection(SolutionProperties) = preSolution
		HideSolutionNode = FALSE
	EndGlobalSection
	GlobalSection(NestedProjects) = preSolution
		{385ADB27-AC04-44E4-B3E2-FF84B0892724} = {8EFD8A6E-7CFA-4E31-B570-C40260A7D78C}
		{9BB0ACC2-10B7-4715-AD84-789A522E368E} = {6D0A9967-A253-49DE-9417-E48DA527D1E4}
		{64A9D1E4-FDD5-40EA-B76A-96C884378981} = {9BB0ACC2-10B7-4715-AD84-789A522E368E}
		{DE6F1186-BCFC-4FED-9CC3-30A16424C9C5} = {9BB0ACC2-10B7-4715-AD84-789A522E368E}
		{2B9A82D3-D7F0-47A0-9F89-C8F109D6DB5C} = {9BB0ACC2-10B7-4715-AD84-789A522E368E}
		{4660909D-91A3-45F8-BFC7-686EE9939015} = {9BB0ACC2-10B7-4715-AD84-789A522E368E}
		{65FF1A50-9941-4051-89DB-7E051B119B2A} = {6D0A9967-A253-49DE-9417-E48DA527D1E4}
		{CE9BE986-328A-4BCF-8C76-9929F7BE3B99} = {6D0A9967-A253-49DE-9417-E48DA527D1E4}
		{F40837EF-1C9C-4D43-9AA4-1FFD1B8202CC} = {6D0A9967-A253-49DE-9417-E48DA527D1E4}
		{52F8BBAC-53DD-4052-B80B-4B795799E06D} = {6D0A9967-A253-49DE-9417-E48DA527D1E4}
		{703CAE36-C2E4-47FC-BD10-333EB8D889D1} = {6D0A9967-A253-49DE-9417-E48DA527D1E4}
		{673CD791-130E-44AC-92FB-9DA01CA71B9C} = {6D0A9967-A253-49DE-9417-E48DA527D1E4}
		{03FC9BC6-201A-4955-8618-85C9A556CDFD} = {6D0A9967-A253-49DE-9417-E48DA527D1E4}
		{3CB297A2-F484-4450-B915-0270AB4547A6} = {65FF1A50-9941-4051-89DB-7E051B119B2A}
		{516C71BF-D1BF-400A-A473-32624B420C5E} = {65FF1A50-9941-4051-89DB-7E051B119B2A}
		{B26C9C24-5A9C-4A4B-B216-C7DF857A3595} = {65FF1A50-9941-4051-89DB-7E051B119B2A}
		{5117797F-E8E9-4E49-B156-48B68894B542} = {65FF1A50-9941-4051-89DB-7E051B119B2A}
		{ED9F6A93-C84C-426A-ADC2-6C89C37A5E48} = {CE9BE986-328A-4BCF-8C76-9929F7BE3B99}
		{4AFE7161-201E-4D4F-A37E-BDB6943BB741} = {CE9BE986-328A-4BCF-8C76-9929F7BE3B99}
		{C625A693-53F0-4794-B0A3-E7D3F596E218} = {F40837EF-1C9C-4D43-9AA4-1FFD1B8202CC}
		{03F11502-99BF-4D8A-831B-582A12061B05} = {F40837EF-1C9C-4D43-9AA4-1FFD1B8202CC}
		{DACE099B-2385-47A7-9000-D831B0467C64} = {F40837EF-1C9C-4D43-9AA4-1FFD1B8202CC}
		{40F8274A-24D2-4E2A-8B7C-2E72758BB9EE} = {F40837EF-1C9C-4D43-9AA4-1FFD1B8202CC}
		{B221C21A-30B3-4B33-8613-CA83B665CCE2} = {52F8BBAC-53DD-4052-B80B-4B795799E06D}
		{9BD0EF4D-35E9-4496-B7EF-E4429439EEEE} = {52F8BBAC-53DD-4052-B80B-4B795799E06D}
		{DD154309-BCB4-435B-9469-67E4E65E3B1A} = {52F8BBAC-53DD-4052-B80B-4B795799E06D}
		{29851A3F-38FB-4476-9325-EC2B6524B666} = {52F8BBAC-53DD-4052-B80B-4B795799E06D}
		{5F250BD0-08BD-4C14-A422-5C61D44761C0} = {703CAE36-C2E4-47FC-BD10-333EB8D889D1}
		{41DD98C6-B965-4B03-96AA-F994C52889DE} = {703CAE36-C2E4-47FC-BD10-333EB8D889D1}
		{F0D5A622-F161-40A0-BAF2-803E8C3676E2} = {703CAE36-C2E4-47FC-BD10-333EB8D889D1}
		{B4E89DE2-A12D-41E2-A3B3-D58F5E24774B} = {703CAE36-C2E4-47FC-BD10-333EB8D889D1}
		{1B1EEC7A-F951-46C5-858E-C2567D7D7175} = {703CAE36-C2E4-47FC-BD10-333EB8D889D1}
		{159576A6-B616-46F1-B98E-035379F68515} = {703CAE36-C2E4-47FC-BD10-333EB8D889D1}
		{81ED9960-884B-4127-BD88-DD9D858D8771} = {703CAE36-C2E4-47FC-BD10-333EB8D889D1}
		{3F02FD01-41FD-4689-AE50-CB2B0D778BD3} = {703CAE36-C2E4-47FC-BD10-333EB8D889D1}
		{E07B5F19-3B31-4C70-A370-5E805AB15CBA} = {703CAE36-C2E4-47FC-BD10-333EB8D889D1}
		{E2317076-514F-4B68-89F4-6421CF59F366} = {703CAE36-C2E4-47FC-BD10-333EB8D889D1}
		{AE334606-75D4-4DE8-828A-6E4A5C8F35A1} = {703CAE36-C2E4-47FC-BD10-333EB8D889D1}
		{5B7BDA29-F637-4F56-8AA0-6A45A114AB0D} = {52679889-824C-4F09-ABC8-33F10967B5CA}
		{D6835D51-B7EA-4C0C-84D9-90175C374FB2} = {52679889-824C-4F09-ABC8-33F10967B5CA}
		{52679889-824C-4F09-ABC8-33F10967B5CA} = {703CAE36-C2E4-47FC-BD10-333EB8D889D1}
		{C583A676-E859-4480-9219-E2023724F8F5} = {673CD791-130E-44AC-92FB-9DA01CA71B9C}
		{4A23424F-78A7-4ED6-9564-C4C026E8D8C9} = {673CD791-130E-44AC-92FB-9DA01CA71B9C}
		{8655463E-8154-4971-B49C-C2FECFF2870F} = {03FC9BC6-201A-4955-8618-85C9A556CDFD}
		{BB36F59D-3F3C-4594-944C-A0D271591A97} = {03FC9BC6-201A-4955-8618-85C9A556CDFD}
		{DFBEF70E-859F-4567-9297-5168727F050D} = {03FC9BC6-201A-4955-8618-85C9A556CDFD}
		{8ED13D13-1B39-4CE5-A43E-953D692B3247} = {03FC9BC6-201A-4955-8618-85C9A556CDFD}
		{7FA5F436-290D-46BF-AA16-33D0BFB5E45D} = {03FC9BC6-201A-4955-8618-85C9A556CDFD}
		{06204C03-41A1-4567-8EDD-88AE0FC4391B} = {03FC9BC6-201A-4955-8618-85C9A556CDFD}
		{CB3A6B50-1859-45D0-905A-B857E31B20DD} = {03FC9BC6-201A-4955-8618-85C9A556CDFD}
		{46C22044-4005-4DED-A298-6ABE7DA3FADC} = {03FC9BC6-201A-4955-8618-85C9A556CDFD}
	EndGlobalSection
EndGlobal
